// !$*UTF8*$!
{
	archiveVersion = 1;
	classes = {
	};
	objectVersion = 56;
	objects = {

/* Begin PBXBuildFile section */
		7B55863C2A099887000ECD70 /* GoogleSignIn in Frameworks */ = {isa = PBXBuildFile; productRef = 7B55863B2A099887000ECD70 /* GoogleSignIn */; };
		7B55863E2A099887000ECD70 /* GoogleSignInSwift in Frameworks */ = {isa = PBXBuildFile; productRef = 7B55863D2A099887000ECD70 /* GoogleSignInSwift */; };
		7B5FD2E129FF686300612438 /* AppDelegate.swift in Sources */ = {isa = PBXBuildFile; fileRef = 7B5FD2E029FF686300612438 /* AppDelegate.swift */; };
		7B5FD2E329FF686300612438 /* SceneDelegate.swift in Sources */ = {isa = PBXBuildFile; fileRef = 7B5FD2E229FF686300612438 /* SceneDelegate.swift */; };
		7B5FD2E529FF686300612438 /* LoginVC.swift in Sources */ = {isa = PBXBuildFile; fileRef = 7B5FD2E429FF686300612438 /* LoginVC.swift */; };
		7B5FD2E829FF686300612438 /* Main.storyboard in Resources */ = {isa = PBXBuildFile; fileRef = 7B5FD2E629FF686300612438 /* Main.storyboard */; };
		7B5FD2EA29FF686B00612438 /* Assets.xcassets in Resources */ = {isa = PBXBuildFile; fileRef = 7B5FD2E929FF686B00612438 /* Assets.xcassets */; };
		7B5FD2ED29FF686B00612438 /* LaunchScreen.storyboard in Resources */ = {isa = PBXBuildFile; fileRef = 7B5FD2EB29FF686B00612438 /* LaunchScreen.storyboard */; };
		7B89F45B2A08BE3F00FE7C31 /* Pods_firebase.framework in Frameworks */ = {isa = PBXBuildFile; fileRef = 79F26E42F3B6EC6E2A48B3A2 /* Pods_firebase.framework */; };
		7B89F45C2A08BE3F00FE7C31 /* Pods_firebase.framework in Embed Frameworks */ = {isa = PBXBuildFile; fileRef = 79F26E42F3B6EC6E2A48B3A2 /* Pods_firebase.framework */; settings = {ATTRIBUTES = (CodeSignOnCopy, RemoveHeadersOnCopy, ); }; };
		7BAFF9E329FFA130003B23C0 /* GoogleService-Info.plist in Resources */ = {isa = PBXBuildFile; fileRef = 7BAFF9E229FFA130003B23C0 /* GoogleService-Info.plist */; };
		7BD834042A07033F00985993 /* SignUpVC.swift in Sources */ = {isa = PBXBuildFile; fileRef = 7BD834032A07033F00985993 /* SignUpVC.swift */; };
		7BD834062A075C5000985993 /* HomepageVC.swift in Sources */ = {isa = PBXBuildFile; fileRef = 7BD834052A075C5000985993 /* HomepageVC.swift */; };
		7BD834082A076DA600985993 /* Helper.swift in Sources */ = {isa = PBXBuildFile; fileRef = 7BD834072A076DA600985993 /* Helper.swift */; };
/* End PBXBuildFile section */

/* Begin PBXCopyFilesBuildPhase section */
		7B89F45D2A08BE4000FE7C31 /* Embed Frameworks */ = {
			isa = PBXCopyFilesBuildPhase;
			buildActionMask = 2147483647;
			dstPath = "";
			dstSubfolderSpec = 10;
			files = (
				7B89F45C2A08BE3F00FE7C31 /* Pods_firebase.framework in Embed Frameworks */,
			);
			name = "Embed Frameworks";
			runOnlyForDeploymentPostprocessing = 0;
		};
/* End PBXCopyFilesBuildPhase section */

/* Begin PBXFileReference section */
		0F4B52452248DE6627B68920 /* Pods-firebase.release.xcconfig */ = {isa = PBXFileReference; includeInIndex = 1; lastKnownFileType = text.xcconfig; name = "Pods-firebase.release.xcconfig"; path = "Target Support Files/Pods-firebase/Pods-firebase.release.xcconfig"; sourceTree = "<group>"; };
		79F26E42F3B6EC6E2A48B3A2 /* Pods_firebase.framework */ = {isa = PBXFileReference; explicitFileType = wrapper.framework; includeInIndex = 0; path = Pods_firebase.framework; sourceTree = BUILT_PRODUCTS_DIR; };
		7B5FD2DD29FF686300612438 /* firebase.app */ = {isa = PBXFileReference; explicitFileType = wrapper.application; includeInIndex = 0; path = firebase.app; sourceTree = BUILT_PRODUCTS_DIR; };
		7B5FD2E029FF686300612438 /* AppDelegate.swift */ = {isa = PBXFileReference; lastKnownFileType = sourcecode.swift; path = AppDelegate.swift; sourceTree = "<group>"; };
		7B5FD2E229FF686300612438 /* SceneDelegate.swift */ = {isa = PBXFileReference; lastKnownFileType = sourcecode.swift; path = SceneDelegate.swift; sourceTree = "<group>"; };
		7B5FD2E429FF686300612438 /* LoginVC.swift */ = {isa = PBXFileReference; lastKnownFileType = sourcecode.swift; path = LoginVC.swift; sourceTree = "<group>"; };
		7B5FD2E729FF686300612438 /* Base */ = {isa = PBXFileReference; lastKnownFileType = file.storyboard; name = Base; path = Base.lproj/Main.storyboard; sourceTree = "<group>"; };
		7B5FD2E929FF686B00612438 /* Assets.xcassets */ = {isa = PBXFileReference; lastKnownFileType = folder.assetcatalog; path = Assets.xcassets; sourceTree = "<group>"; };
		7B5FD2EC29FF686B00612438 /* Base */ = {isa = PBXFileReference; lastKnownFileType = file.storyboard; name = Base; path = Base.lproj/LaunchScreen.storyboard; sourceTree = "<group>"; };
		7B5FD2EE29FF686B00612438 /* Info.plist */ = {isa = PBXFileReference; lastKnownFileType = text.plist.xml; path = Info.plist; sourceTree = "<group>"; };
		7BAFF9E229FFA130003B23C0 /* GoogleService-Info.plist */ = {isa = PBXFileReference; fileEncoding = 4; lastKnownFileType = text.plist.xml; path = "GoogleService-Info.plist"; sourceTree = "<group>"; };
		7BD834032A07033F00985993 /* SignUpVC.swift */ = {isa = PBXFileReference; lastKnownFileType = sourcecode.swift; path = SignUpVC.swift; sourceTree = "<group>"; };
		7BD834052A075C5000985993 /* HomepageVC.swift */ = {isa = PBXFileReference; lastKnownFileType = sourcecode.swift; path = HomepageVC.swift; sourceTree = "<group>"; };
		7BD834072A076DA600985993 /* Helper.swift */ = {isa = PBXFileReference; lastKnownFileType = sourcecode.swift; path = Helper.swift; sourceTree = "<group>"; };
		F1E915C91669E8FCA19F2B23 /* Pods-firebase.debug.xcconfig */ = {isa = PBXFileReference; includeInIndex = 1; lastKnownFileType = text.xcconfig; name = "Pods-firebase.debug.xcconfig"; path = "Target Support Files/Pods-firebase/Pods-firebase.debug.xcconfig"; sourceTree = "<group>"; };
/* End PBXFileReference section */

/* Begin PBXFrameworksBuildPhase section */
		7B5FD2DA29FF686300612438 /* Frameworks */ = {
			isa = PBXFrameworksBuildPhase;
			buildActionMask = 2147483647;
			files = (
				7B55863E2A099887000ECD70 /* GoogleSignInSwift in Frameworks */,
				7B89F45B2A08BE3F00FE7C31 /* Pods_firebase.framework in Frameworks */,
				7B55863C2A099887000ECD70 /* GoogleSignIn in Frameworks */,
			);
			runOnlyForDeploymentPostprocessing = 0;
		};
/* End PBXFrameworksBuildPhase section */

/* Begin PBXGroup section */
		51DD7BC36ED5ABA758662640 /* Pods */ = {
			isa = PBXGroup;
			children = (
				F1E915C91669E8FCA19F2B23 /* Pods-firebase.debug.xcconfig */,
				0F4B52452248DE6627B68920 /* Pods-firebase.release.xcconfig */,
			);
			path = Pods;
			sourceTree = "<group>";
		};
		7B5FD2D429FF686200612438 = {
			isa = PBXGroup;
			children = (
				7B5FD2DF29FF686300612438 /* firebase */,
				7B5FD2DE29FF686300612438 /* Products */,
				51DD7BC36ED5ABA758662640 /* Pods */,
				B05C25C58FD63FC12C6EE99F /* Frameworks */,
			);
			sourceTree = "<group>";
		};
		7B5FD2DE29FF686300612438 /* Products */ = {
			isa = PBXGroup;
			children = (
				7B5FD2DD29FF686300612438 /* firebase.app */,
			);
			name = Products;
			sourceTree = "<group>";
		};
		7B5FD2DF29FF686300612438 /* firebase */ = {
			isa = PBXGroup;
			children = (
				7BD834072A076DA600985993 /* Helper.swift */,
				7B5FD2E029FF686300612438 /* AppDelegate.swift */,
				7B5FD2E229FF686300612438 /* SceneDelegate.swift */,
				7B5FD2E629FF686300612438 /* Main.storyboard */,
				7B5FD2E929FF686B00612438 /* Assets.xcassets */,
				7B5FD2EB29FF686B00612438 /* LaunchScreen.storyboard */,
				7B5FD2EE29FF686B00612438 /* Info.plist */,
				7BAFF9E229FFA130003B23C0 /* GoogleService-Info.plist */,
				7B5FD2E429FF686300612438 /* LoginVC.swift */,
				7BD834032A07033F00985993 /* SignUpVC.swift */,
				7BD834052A075C5000985993 /* HomepageVC.swift */,
			);
			path = firebase;
			sourceTree = "<group>";
		};
		B05C25C58FD63FC12C6EE99F /* Frameworks */ = {
			isa = PBXGroup;
			children = (
				79F26E42F3B6EC6E2A48B3A2 /* Pods_firebase.framework */,
			);
			name = Frameworks;
			sourceTree = "<group>";
		};
/* End PBXGroup section */

/* Begin PBXNativeTarget section */
		7B5FD2DC29FF686300612438 /* firebase */ = {
			isa = PBXNativeTarget;
			buildConfigurationList = 7B5FD2F129FF686B00612438 /* Build configuration list for PBXNativeTarget "firebase" */;
			buildPhases = (
				288F82FCFBD107CC38B17A36 /* [CP] Check Pods Manifest.lock */,
				7B5FD2D929FF686300612438 /* Sources */,
				7B5FD2DA29FF686300612438 /* Frameworks */,
				7B5FD2DB29FF686300612438 /* Resources */,
				4AC0117D33BFC95ECB277592 /* [CP] Embed Pods Frameworks */,
				7B89F45D2A08BE4000FE7C31 /* Embed Frameworks */,
			);
			buildRules = (
			);
			dependencies = (
			);
			name = firebase;
			packageProductDependencies = (
				7B55863B2A099887000ECD70 /* GoogleSignIn */,
				7B55863D2A099887000ECD70 /* GoogleSignInSwift */,
			);
			productName = firebase;
			productReference = 7B5FD2DD29FF686300612438 /* firebase.app */;
			productType = "com.apple.product-type.application";
		};
/* End PBXNativeTarget section */

/* Begin PBXProject section */
		7B5FD2D529FF686200612438 /* Project object */ = {
			isa = PBXProject;
			attributes = {
				BuildIndependentTargetsInParallel = 1;
				LastSwiftUpdateCheck = 1420;
				LastUpgradeCheck = 1420;
				TargetAttributes = {
					7B5FD2DC29FF686300612438 = {
						CreatedOnToolsVersion = 14.2;
					};
				};
			};
			buildConfigurationList = 7B5FD2D829FF686200612438 /* Build configuration list for PBXProject "firebase" */;
			compatibilityVersion = "Xcode 14.0";
			developmentRegion = en;
			hasScannedForEncodings = 0;
			knownRegions = (
				en,
				Base,
			);
			mainGroup = 7B5FD2D429FF686200612438;
			packageReferences = (
				7B55863A2A099887000ECD70 /* XCRemoteSwiftPackageReference "GoogleSignIn-iOS" */,
			);
			productRefGroup = 7B5FD2DE29FF686300612438 /* Products */;
			projectDirPath = "";
			projectRoot = "";
			targets = (
				7B5FD2DC29FF686300612438 /* firebase */,
			);
		};
/* End PBXProject section */

/* Begin PBXResourcesBuildPhase section */
		7B5FD2DB29FF686300612438 /* Resources */ = {
			isa = PBXResourcesBuildPhase;
			buildActionMask = 2147483647;
			files = (
				7B5FD2ED29FF686B00612438 /* LaunchScreen.storyboard in Resources */,
				7BAFF9E329FFA130003B23C0 /* GoogleService-Info.plist in Resources */,
				7B5FD2EA29FF686B00612438 /* Assets.xcassets in Resources */,
				7B5FD2E829FF686300612438 /* Main.storyboard in Resources */,
			);
			runOnlyForDeploymentPostprocessing = 0;
		};
/* End PBXResourcesBuildPhase section */

/* Begin PBXShellScriptBuildPhase section */
		288F82FCFBD107CC38B17A36 /* [CP] Check Pods Manifest.lock */ = {
			isa = PBXShellScriptBuildPhase;
			buildActionMask = 2147483647;
			files = (
			);
			inputFileListPaths = (
			);
			inputPaths = (
				"${PODS_PODFILE_DIR_PATH}/Podfile.lock",
				"${PODS_ROOT}/Manifest.lock",
			);
			name = "[CP] Check Pods Manifest.lock";
			outputFileListPaths = (
			);
			outputPaths = (
				"$(DERIVED_FILE_DIR)/Pods-firebase-checkManifestLockResult.txt",
			);
			runOnlyForDeploymentPostprocessing = 0;
			shellPath = /bin/sh;
			shellScript = "diff \"${PODS_PODFILE_DIR_PATH}/Podfile.lock\" \"${PODS_ROOT}/Manifest.lock\" > /dev/null\nif [ $? != 0 ] ; then\n    # print error to STDERR\n    echo \"error: The sandbox is not in sync with the Podfile.lock. Run 'pod install' or update your CocoaPods installation.\" >&2\n    exit 1\nfi\n# This output is used by Xcode 'outputs' to avoid re-running this script phase.\necho \"SUCCESS\" > \"${SCRIPT_OUTPUT_FILE_0}\"\n";
			showEnvVarsInLog = 0;
		};
		4AC0117D33BFC95ECB277592 /* [CP] Embed Pods Frameworks */ = {
			isa = PBXShellScriptBuildPhase;
			buildActionMask = 2147483647;
			files = (
			);
			inputFileListPaths = (
				"${PODS_ROOT}/Target Support Files/Pods-firebase/Pods-firebase-frameworks-${CONFIGURATION}-input-files.xcfilelist",
			);
			name = "[CP] Embed Pods Frameworks";
			outputFileListPaths = (
				"${PODS_ROOT}/Target Support Files/Pods-firebase/Pods-firebase-frameworks-${CONFIGURATION}-output-files.xcfilelist",
			);
			runOnlyForDeploymentPostprocessing = 0;
			shellPath = /bin/sh;
			shellScript = "\"${PODS_ROOT}/Target Support Files/Pods-firebase/Pods-firebase-frameworks.sh\"\n";
			showEnvVarsInLog = 0;
		};
/* End PBXShellScriptBuildPhase section */

/* Begin PBXSourcesBuildPhase section */
		7B5FD2D929FF686300612438 /* Sources */ = {
			isa = PBXSourcesBuildPhase;
			buildActionMask = 2147483647;
			files = (
				7BD834042A07033F00985993 /* SignUpVC.swift in Sources */,
				7B5FD2E529FF686300612438 /* LoginVC.swift in Sources */,
				7B5FD2E129FF686300612438 /* AppDelegate.swift in Sources */,
				7BD834062A075C5000985993 /* HomepageVC.swift in Sources */,
				7B5FD2E329FF686300612438 /* SceneDelegate.swift in Sources */,
				7BD834082A076DA600985993 /* Helper.swift in Sources */,
			);
			runOnlyForDeploymentPostprocessing = 0;
		};
/* End PBXSourcesBuildPhase section */

/* Begin PBXVariantGroup section */
		7B5FD2E629FF686300612438 /* Main.storyboard */ = {
			isa = PBXVariantGroup;
			children = (
				7B5FD2E729FF686300612438 /* Base */,
			);
			name = Main.storyboard;
			sourceTree = "<group>";
		};
		7B5FD2EB29FF686B00612438 /* LaunchScreen.storyboard */ = {
			isa = PBXVariantGroup;
			children = (
				7B5FD2EC29FF686B00612438 /* Base */,
			);
			name = LaunchScreen.storyboard;
			sourceTree = "<group>";
		};
/* End PBXVariantGroup section */

/* Begin XCBuildConfiguration section */
		7B5FD2EF29FF686B00612438 /* Debug */ = {
			isa = XCBuildConfiguration;
			buildSettings = {
				ALWAYS_SEARCH_USER_PATHS = NO;
				CLANG_ANALYZER_NONNULL = YES;
				CLANG_ANALYZER_NUMBER_OBJECT_CONVERSION = YES_AGGRESSIVE;
				CLANG_CXX_LANGUAGE_STANDARD = "gnu++20";
				CLANG_ENABLE_MODULES = YES;
				CLANG_ENABLE_OBJC_ARC = YES;
				CLANG_ENABLE_OBJC_WEAK = YES;
				CLANG_WARN_BLOCK_CAPTURE_AUTORELEASING = YES;
				CLANG_WARN_BOOL_CONVERSION = YES;
				CLANG_WARN_COMMA = YES;
				CLANG_WARN_CONSTANT_CONVERSION = YES;
				CLANG_WARN_DEPRECATED_OBJC_IMPLEMENTATIONS = YES;
				CLANG_WARN_DIRECT_OBJC_ISA_USAGE = YES_ERROR;
				CLANG_WARN_DOCUMENTATION_COMMENTS = YES;
				CLANG_WARN_EMPTY_BODY = YES;
				CLANG_WARN_ENUM_CONVERSION = YES;
				CLANG_WARN_INFINITE_RECURSION = YES;
				CLANG_WARN_INT_CONVERSION = YES;
				CLANG_WARN_NON_LITERAL_NULL_CONVERSION = YES;
				CLANG_WARN_OBJC_IMPLICIT_RETAIN_SELF = YES;
				CLANG_WARN_OBJC_LITERAL_CONVERSION = YES;
				CLANG_WARN_OBJC_ROOT_CLASS = YES_ERROR;
				CLANG_WARN_QUOTED_INCLUDE_IN_FRAMEWORK_HEADER = YES;
				CLANG_WARN_RANGE_LOOP_ANALYSIS = YES;
				CLANG_WARN_STRICT_PROTOTYPES = YES;
				CLANG_WARN_SUSPICIOUS_MOVE = YES;
				CLANG_WARN_UNGUARDED_AVAILABILITY = YES_AGGRESSIVE;
				CLANG_WARN_UNREACHABLE_CODE = YES;
				CLANG_WARN__DUPLICATE_METHOD_MATCH = YES;
				COPY_PHASE_STRIP = NO;
				DEBUG_INFORMATION_FORMAT = dwarf;
				ENABLE_STRICT_OBJC_MSGSEND = YES;
				ENABLE_TESTABILITY = YES;
				GCC_C_LANGUAGE_STANDARD = gnu11;
				GCC_DYNAMIC_NO_PIC = NO;
				GCC_NO_COMMON_BLOCKS = YES;
				GCC_OPTIMIZATION_LEVEL = 0;
				GCC_PREPROCESSOR_DEFINITIONS = (
					"DEBUG=1",
					"$(inherited)",
				);
				GCC_WARN_64_TO_32_BIT_CONVERSION = YES;
				GCC_WARN_ABOUT_RETURN_TYPE = YES_ERROR;
				GCC_WARN_UNDECLARED_SELECTOR = YES;
				GCC_WARN_UNINITIALIZED_AUTOS = YES_AGGRESSIVE;
				GCC_WARN_UNUSED_FUNCTION = YES;
				GCC_WARN_UNUSED_VARIABLE = YES;
				IPHONEOS_DEPLOYMENT_TARGET = 16.2;
				MTL_ENABLE_DEBUG_INFO = INCLUDE_SOURCE;
				MTL_FAST_MATH = YES;
				ONLY_ACTIVE_ARCH = YES;
				SDKROOT = iphoneos;
				SWIFT_ACTIVE_COMPILATION_CONDITIONS = DEBUG;
				SWIFT_OPTIMIZATION_LEVEL = "-Onone";
			};
			name = Debug;
		};
		7B5FD2F029FF686B00612438 /* Release */ = {
			isa = XCBuildConfiguration;
			buildSettings = {
				ALWAYS_SEARCH_USER_PATHS = NO;
				CLANG_ANALYZER_NONNULL = YES;
				CLANG_ANALYZER_NUMBER_OBJECT_CONVERSION = YES_AGGRESSIVE;
				CLANG_CXX_LANGUAGE_STANDARD = "gnu++20";
				CLANG_ENABLE_MODULES = YES;
				CLANG_ENABLE_OBJC_ARC = YES;
				CLANG_ENABLE_OBJC_WEAK = YES;
				CLANG_WARN_BLOCK_CAPTURE_AUTORELEASING = YES;
				CLANG_WARN_BOOL_CONVERSION = YES;
				CLANG_WARN_COMMA = YES;
				CLANG_WARN_CONSTANT_CONVERSION = YES;
				CLANG_WARN_DEPRECATED_OBJC_IMPLEMENTATIONS = YES;
				CLANG_WARN_DIRECT_OBJC_ISA_USAGE = YES_ERROR;
				CLANG_WARN_DOCUMENTATION_COMMENTS = YES;
				CLANG_WARN_EMPTY_BODY = YES;
				CLANG_WARN_ENUM_CONVERSION = YES;
				CLANG_WARN_INFINITE_RECURSION = YES;
				CLANG_WARN_INT_CONVERSION = YES;
				CLANG_WARN_NON_LITERAL_NULL_CONVERSION = YES;
				CLANG_WARN_OBJC_IMPLICIT_RETAIN_SELF = YES;
				CLANG_WARN_OBJC_LITERAL_CONVERSION = YES;
				CLANG_WARN_OBJC_ROOT_CLASS = YES_ERROR;
				CLANG_WARN_QUOTED_INCLUDE_IN_FRAMEWORK_HEADER = YES;
				CLANG_WARN_RANGE_LOOP_ANALYSIS = YES;
				CLANG_WARN_STRICT_PROTOTYPES = YES;
				CLANG_WARN_SUSPICIOUS_MOVE = YES;
				CLANG_WARN_UNGUARDED_AVAILABILITY = YES_AGGRESSIVE;
				CLANG_WARN_UNREACHABLE_CODE = YES;
				CLANG_WARN__DUPLICATE_METHOD_MATCH = YES;
				COPY_PHASE_STRIP = NO;
				DEBUG_INFORMATION_FORMAT = "dwarf-with-dsym";
				ENABLE_NS_ASSERTIONS = NO;
				ENABLE_STRICT_OBJC_MSGSEND = YES;
				GCC_C_LANGUAGE_STANDARD = gnu11;
				GCC_NO_COMMON_BLOCKS = YES;
				GCC_WARN_64_TO_32_BIT_CONVERSION = YES;
				GCC_WARN_ABOUT_RETURN_TYPE = YES_ERROR;
				GCC_WARN_UNDECLARED_SELECTOR = YES;
				GCC_WARN_UNINITIALIZED_AUTOS = YES_AGGRESSIVE;
				GCC_WARN_UNUSED_FUNCTION = YES;
				GCC_WARN_UNUSED_VARIABLE = YES;
				IPHONEOS_DEPLOYMENT_TARGET = 16.2;
				MTL_ENABLE_DEBUG_INFO = NO;
				MTL_FAST_MATH = YES;
				SDKROOT = iphoneos;
				SWIFT_COMPILATION_MODE = wholemodule;
				SWIFT_OPTIMIZATION_LEVEL = "-O";
				VALIDATE_PRODUCT = YES;
			};
			name = Release;
		};
		7B5FD2F229FF686B00612438 /* Debug */ = {
			isa = XCBuildConfiguration;
			baseConfigurationReference = F1E915C91669E8FCA19F2B23 /* Pods-firebase.debug.xcconfig */;
			buildSettings = {
				ASSETCATALOG_COMPILER_APPICON_NAME = AppIcon;
				ASSETCATALOG_COMPILER_GLOBAL_ACCENT_COLOR_NAME = AccentColor;
				CODE_SIGN_STYLE = Automatic;
				CURRENT_PROJECT_VERSION = 1;
				DEVELOPMENT_TEAM = 346Q44X4XP;
				GENERATE_INFOPLIST_FILE = YES;
				INFOPLIST_FILE = firebase/Info.plist;
				INFOPLIST_KEY_CFBundleDisplayName = firebase;
				INFOPLIST_KEY_UIApplicationSupportsIndirectInputEvents = YES;
				INFOPLIST_KEY_UILaunchStoryboardName = LaunchScreen;
				INFOPLIST_KEY_UIMainStoryboardFile = Main;
				INFOPLIST_KEY_UISupportedInterfaceOrientations_iPad = "UIInterfaceOrientationPortrait UIInterfaceOrientationPortraitUpsideDown UIInterfaceOrientationLandscapeLeft UIInterfaceOrientationLandscapeRight";
				INFOPLIST_KEY_UISupportedInterfaceOrientations_iPhone = "UIInterfaceOrientationPortrait UIInterfaceOrientationLandscapeLeft UIInterfaceOrientationLandscapeRight";
				LD_RUNPATH_SEARCH_PATHS = (
					"$(inherited)",
					"@executable_path/Frameworks",
				);
				MARKETING_VERSION = 1.0;
				PRODUCT_BUNDLE_IDENTIFIER = iti.firebase;
				PRODUCT_NAME = "$(TARGET_NAME)";
				SWIFT_EMIT_LOC_STRINGS = YES;
				SWIFT_VERSION = 5.0;
				TARGETED_DEVICE_FAMILY = "1,2";
			};
			name = Debug;
		};
		7B5FD2F329FF686B00612438 /* Release */ = {
			isa = XCBuildConfiguration;
			baseConfigurationReference = 0F4B52452248DE6627B68920 /* Pods-firebase.release.xcconfig */;
			buildSettings = {
				ASSETCATALOG_COMPILER_APPICON_NAME = AppIcon;
				ASSETCATALOG_COMPILER_GLOBAL_ACCENT_COLOR_NAME = AccentColor;
				CODE_SIGN_STYLE = Automatic;
				CURRENT_PROJECT_VERSION = 1;
				DEVELOPMENT_TEAM = 346Q44X4XP;
				GENERATE_INFOPLIST_FILE = YES;
				INFOPLIST_FILE = firebase/Info.plist;
				INFOPLIST_KEY_CFBundleDisplayName = firebase;
				INFOPLIST_KEY_UIApplicationSupportsIndirectInputEvents = YES;
				INFOPLIST_KEY_UILaunchStoryboardName = LaunchScreen;
				INFOPLIST_KEY_UIMainStoryboardFile = Main;
				INFOPLIST_KEY_UISupportedInterfaceOrientations_iPad = "UIInterfaceOrientationPortrait UIInterfaceOrientationPortraitUpsideDown UIInterfaceOrientationLandscapeLeft UIInterfaceOrientationLandscapeRight";
				INFOPLIST_KEY_UISupportedInterfaceOrientations_iPhone = "UIInterfaceOrientationPortrait UIInterfaceOrientationLandscapeLeft UIInterfaceOrientationLandscapeRight";
				LD_RUNPATH_SEARCH_PATHS = (
					"$(inherited)",
					"@executable_path/Frameworks",
				);
				MARKETING_VERSION = 1.0;
				PRODUCT_BUNDLE_IDENTIFIER = iti.firebase;
				PRODUCT_NAME = "$(TARGET_NAME)";
				SWIFT_EMIT_LOC_STRINGS = YES;
				SWIFT_VERSION = 5.0;
				TARGETED_DEVICE_FAMILY = "1,2";
			};
			name = Release;
		};
/* End XCBuildConfiguration section */

/* Begin XCConfigurationList section */
		7B5FD2D829FF686200612438 /* Build configuration list for PBXProject "firebase" */ = {
			isa = XCConfigurationList;
			buildConfigurations = (
				7B5FD2EF29FF686B00612438 /* Debug */,
				7B5FD2F029FF686B00612438 /* Release */,
			);
			defaultConfigurationIsVisible = 0;
			defaultConfigurationName = Release;
		};
		7B5FD2F129FF686B00612438 /* Build configuration list for PBXNativeTarget "firebase" */ = {
			isa = XCConfigurationList;
			buildConfigurations = (
				7B5FD2F229FF686B00612438 /* Debug */,
				7B5FD2F329FF686B00612438 /* Release */,
			);
			defaultConfigurationIsVisible = 0;
			defaultConfigurationName = Release;
		};
/* End XCConfigurationList section */

/* Begin XCRemoteSwiftPackageReference section */
		7B55863A2A099887000ECD70 /* XCRemoteSwiftPackageReference "GoogleSignIn-iOS" */ = {
			isa = XCRemoteSwiftPackageReference;
			repositoryURL = "https://github.com/google/GoogleSignIn-iOS";
			requirement = {
				branch = main;
				kind = branch;
			};
		};
/* End XCRemoteSwiftPackageReference section */

/* Begin XCSwiftPackageProductDependency section */
		7B55863B2A099887000ECD70 /* GoogleSignIn */ = {
			isa = XCSwiftPackageProductDependency;
			package = 7B55863A2A099887000ECD70 /* XCRemoteSwiftPackageReference "GoogleSignIn-iOS" */;
			productName = GoogleSignIn;
		};
		7B55863D2A099887000ECD70 /* GoogleSignInSwift */ = {
			isa = XCSwiftPackageProductDependency;
			package = 7B55863A2A099887000ECD70 /* XCRemoteSwiftPackageReference "GoogleSignIn-iOS" */;
			productName = GoogleSignInSwift;
		};
/* End XCSwiftPackageProductDependency section */
	};
	rootObject = 7B5FD2D529FF686200612438 /* Project object */;
}
